
Microsoft Visual Studio Solution File, Format Version 12.00
# Visual Studio 2012
Project("{FAE04EC0-301F-11D3-BF4B-00C04F79EFBC}") = "ParserGUI", "MultiIMSIInstallParameter\ParserGUI.csproj", "{28DB5C4F-ABC4-4304-A4C7-53C1DDEF0D14}"
EndProject
Project("{FAE04EC0-301F-11D3-BF4B-00C04F79EFBC}") = "LibraryTester", "LibraryTester\LibraryTester.csproj", "{F9D2005C-B995-44C9-82FC-010916D04732}"
EndProject
Project("{FAE04EC0-301F-11D3-BF4B-00C04F79EFBC}") = "ParserLibrary", "ParserLibrary\ParserLibrary.csproj", "{B5201A78-F46A-4498-B186-ACEB52E2ED09}"
EndProject
Global
	GlobalSection(SolutionConfigurationPlatforms) = preSolution
		Debug|Any CPU = Debug|Any CPU
		Release|Any CPU = Release|Any CPU
	EndGlobalSection
	GlobalSection(ProjectConfigurationPlatforms) = postSolution
		{28DB5C4F-ABC4-4304-A4C7-53C1DDEF0D14}.Debug|Any CPU.ActiveCfg = Debug|Any CPU
		{28DB5C4F-ABC4-4304-A4C7-53C1DDEF0D14}.Debug|Any CPU.Build.0 = Debug|Any CPU
		{28DB5C4F-ABC4-4304-A4C7-53C1DDEF0D14}.Release|Any CPU.ActiveCfg = Release|Any CPU
		{28DB5C4F-ABC4-4304-A4C7-53C1DDEF0D14}.Release|Any CPU.Build.0 = Release|Any CPU
		{F9D2005C-B995-44C9-82FC-010916D04732}.Debug|Any CPU.ActiveCfg = Debug|Any CPU
		{F9D2005C-B995-44C9-82FC-010916D04732}.Debug|Any CPU.Build.0 = Debug|Any CPU
		{F9D2005C-B995-44C9-82FC-010916D04732}.Release|Any CPU.ActiveCfg = Release|Any CPU
		{F9D2005C-B995-44C9-82FC-010916D04732}.Release|Any CPU.Build.0 = Release|Any CPU
		{B5201A78-F46A-4498-B186-ACEB52E2ED09}.Debug|Any CPU.ActiveCfg = Debug|Any CPU
		{B5201A78-F46A-4498-B186-ACEB52E2ED09}.Debug|Any CPU.Build.0 = Debug|Any CPU
		{B5201A78-F46A-4498-B186-ACEB52E2ED09}.Release|Any CPU.ActiveCfg = Release|Any CPU
		{B5201A78-F46A-4498-B186-ACEB52E2ED09}.Release|Any CPU.Build.0 = Release|Any CPU
	EndGlobalSection
	GlobalSection(SolutionProperties) = preSolution
		HideSolutionNode = FALSE
	EndGlobalSection
EndGlobal
